
Microsoft Visual Studio Solution File, Format Version 12.00
# Visual Studio Version 17
VisualStudioVersion = 17.3.32819.101
MinimumVisualStudioVersion = 10.0.40219.1
Project("{FAE04EC0-301F-11D3-BF4B-00C04F79EFBC}") = "MethodsEX3foriteration_loops", "MethodsEX3foriteration_loops\MethodsEX3foriteration_loops.csproj", "{6FA35B93-1936-40C3-8334-A9F6835F5E72}"
EndProject
Global
	GlobalSection(SolutionConfigurationPlatforms) = preSolution
		Debug|Any CPU = Debug|Any CPU
		Release|Any CPU = Release|Any CPU
	EndGlobalSection
	GlobalSection(ProjectConfigurationPlatforms) = postSolution
		{6FA35B93-1936-40C3-8334-A9F6835F5E72}.Debug|Any CPU.ActiveCfg = Debug|Any CPU
		{6FA35B93-1936-40C3-8334-A9F6835F5E72}.Debug|Any CPU.Build.0 = Debug|Any CPU
		{6FA35B93-1936-40C3-8334-A9F6835F5E72}.Release|Any CPU.ActiveCfg = Release|Any CPU
		{6FA35B93-1936-40C3-8334-A9F6835F5E72}.Release|Any CPU.Build.0 = Release|Any CPU
	EndGlobalSection
	GlobalSection(SolutionProperties) = preSolution
		HideSolutionNode = FALSE
	EndGlobalSection
	GlobalSection(ExtensibilityGlobals) = postSolution
		SolutionGuid = {DB9769C2-488C-4877-9156-4A38EAAAD06C}
	EndGlobalSection
EndGlobal
